
Microsoft Visual Studio Solution File, Format Version 12.00
# Visual Studio 2015
Project("{FAE04EC0-301F-11D3-BF4B-00C04F79EFBC}") = "TrackZombie", "TrackZombie.csproj", "{4A1A6360-0BAC-48B7-6FA2-24BB48D217C3}"
EndProject
Project("{FAE04EC0-301F-11D3-BF4B-00C04F79EFBC}") = "TrackZombie.Editor", "TrackZombie.Editor.csproj", "{3A8246A4-6AFC-0D9A-F8C4-2308D9062032}"
EndProject
Global
	GlobalSection(SolutionConfigurationPlatforms) = preSolution
		Debug|Any CPU = Debug|Any CPU
		Release|Any CPU = Release|Any CPU
	EndGlobalSection
	GlobalSection(ProjectConfigurationPlatforms) = postSolution
		{4A1A6360-0BAC-48B7-6FA2-24BB48D217C3}.Debug|Any CPU.ActiveCfg = Debug|Any CPU
		{4A1A6360-0BAC-48B7-6FA2-24BB48D217C3}.Debug|Any CPU.Build.0 = Debug|Any CPU
		{4A1A6360-0BAC-48B7-6FA2-24BB48D217C3}.Release|Any CPU.ActiveCfg = Release|Any CPU
		{4A1A6360-0BAC-48B7-6FA2-24BB48D217C3}.Release|Any CPU.Build.0 = Release|Any CPU
		{3A8246A4-6AFC-0D9A-F8C4-2308D9062032}.Debug|Any CPU.ActiveCfg = Debug|Any CPU
		{3A8246A4-6AFC-0D9A-F8C4-2308D9062032}.Debug|Any CPU.Build.0 = Debug|Any CPU
		{3A8246A4-6AFC-0D9A-F8C4-2308D9062032}.Release|Any CPU.ActiveCfg = Release|Any CPU
		{3A8246A4-6AFC-0D9A-F8C4-2308D9062032}.Release|Any CPU.Build.0 = Release|Any CPU
	EndGlobalSection
	GlobalSection(SolutionProperties) = preSolution
		HideSolutionNode = FALSE
	EndGlobalSection
EndGlobal
